// !$*UTF8*$!
{
	archiveVersion = 1;
	classes = {
	};
	objectVersion = 50;
	objects = {

/* Begin PBXBuildFile section */
		FA03763925E52800009C2411 /* SoundFile.swift in Sources */ = {isa = PBXBuildFile; fileRef = FA03763825E52800009C2411 /* SoundFile.swift */; };
		FA03763C25E52D0F009C2411 /* WithOutMP3.swift in Sources */ = {isa = PBXBuildFile; fileRef = FA03763B25E52D0F009C2411 /* WithOutMP3.swift */; };
		FA03764025E5C566009C2411 /* ChangeColor.swift in Sources */ = {isa = PBXBuildFile; fileRef = FA03763F25E5C566009C2411 /* ChangeColor.swift */; };
		FA64BC2125E32C49006620F8 /* AppDelegate.swift in Sources */ = {isa = PBXBuildFile; fileRef = FA64BC2025E32C49006620F8 /* AppDelegate.swift */; };
		FA64BC2325E32C49006620F8 /* SceneDelegate.swift in Sources */ = {isa = PBXBuildFile; fileRef = FA64BC2225E32C49006620F8 /* SceneDelegate.swift */; };
		FA64BC2525E32C49006620F8 /* ViewController.swift in Sources */ = {isa = PBXBuildFile; fileRef = FA64BC2425E32C49006620F8 /* ViewController.swift */; };
		FA64BC2825E32C49006620F8 /* Main.storyboard in Resources */ = {isa = PBXBuildFile; fileRef = FA64BC2625E32C49006620F8 /* Main.storyboard */; };
		FA64BC2A25E32C4A006620F8 /* Assets.xcassets in Resources */ = {isa = PBXBuildFile; fileRef = FA64BC2925E32C4A006620F8 /* Assets.xcassets */; };
		FA64BC2D25E32C4A006620F8 /* LaunchScreen.storyboard in Resources */ = {isa = PBXBuildFile; fileRef = FA64BC2B25E32C4A006620F8 /* LaunchScreen.storyboard */; };
		FA64BC3725E32E8D006620F8 /* batsuSound.mp3 in Resources */ = {isa = PBXBuildFile; fileRef = FA64BC3625E32E8D006620F8 /* batsuSound.mp3 */; };
		FA64BC3B25E32EA5006620F8 /* maruSound.mp3 in Resources */ = {isa = PBXBuildFile; fileRef = FA64BC3925E32EA5006620F8 /* maruSound.mp3 */; };
		FA64BC3C25E32EA5006620F8 /* sound.mp3 in Resources */ = {isa = PBXBuildFile; fileRef = FA64BC3A25E32EA5006620F8 /* sound.mp3 */; };
		FA64BC4325E330E6006620F8 /* NextViewController.swift in Sources */ = {isa = PBXBuildFile; fileRef = FA64BC4225E330E6006620F8 /* NextViewController.swift */; };
		FA95196B25E3377600B1919F /* ImagesModel.swift in Sources */ = {isa = PBXBuildFile; fileRef = FA95196A25E3377600B1919F /* ImagesModel.swift */; };
		FA95196E25E33F0400B1919F /* ImageList.swift in Sources */ = {isa = PBXBuildFile; fileRef = FA95196D25E33F0400B1919F /* ImageList.swift */; };
/* End PBXBuildFile section */

/* Begin PBXFileReference section */
		FA03763825E52800009C2411 /* SoundFile.swift */ = {isa = PBXFileReference; lastKnownFileType = sourcecode.swift; path = SoundFile.swift; sourceTree = "<group>"; };
		FA03763B25E52D0F009C2411 /* WithOutMP3.swift */ = {isa = PBXFileReference; lastKnownFileType = sourcecode.swift; path = WithOutMP3.swift; sourceTree = "<group>"; };
		FA03763F25E5C566009C2411 /* ChangeColor.swift */ = {isa = PBXFileReference; lastKnownFileType = sourcecode.swift; path = ChangeColor.swift; sourceTree = "<group>"; };
		FA64BC1D25E32C49006620F8 /* Swift-MVC.app */ = {isa = PBXFileReference; explicitFileType = wrapper.application; includeInIndex = 0; path = "Swift-MVC.app"; sourceTree = BUILT_PRODUCTS_DIR; };
		FA64BC2025E32C49006620F8 /* AppDelegate.swift */ = {isa = PBXFileReference; lastKnownFileType = sourcecode.swift; path = AppDelegate.swift; sourceTree = "<group>"; };
		FA64BC2225E32C49006620F8 /* SceneDelegate.swift */ = {isa = PBXFileReference; lastKnownFileType = sourcecode.swift; path = SceneDelegate.swift; sourceTree = "<group>"; };
		FA64BC2425E32C49006620F8 /* ViewController.swift */ = {isa = PBXFileReference; lastKnownFileType = sourcecode.swift; path = ViewController.swift; sourceTree = "<group>"; };
		FA64BC2725E32C49006620F8 /* Base */ = {isa = PBXFileReference; lastKnownFileType = file.storyboard; name = Base; path = Base.lproj/Main.storyboard; sourceTree = "<group>"; };
		FA64BC2925E32C4A006620F8 /* Assets.xcassets */ = {isa = PBXFileReference; lastKnownFileType = folder.assetcatalog; path = Assets.xcassets; sourceTree = "<group>"; };
		FA64BC2C25E32C4A006620F8 /* Base */ = {isa = PBXFileReference; lastKnownFileType = file.storyboard; name = Base; path = Base.lproj/LaunchScreen.storyboard; sourceTree = "<group>"; };
		FA64BC2E25E32C4A006620F8 /* Info.plist */ = {isa = PBXFileReference; lastKnownFileType = text.plist.xml; path = Info.plist; sourceTree = "<group>"; };
		FA64BC3625E32E8D006620F8 /* batsuSound.mp3 */ = {isa = PBXFileReference; lastKnownFileType = audio.mp3; name = batsuSound.mp3; path = "../../udemy/Resources/iOS14画像集/QuestionApp1素材/batsuSound.mp3"; sourceTree = "<group>"; };
		FA64BC3925E32EA5006620F8 /* maruSound.mp3 */ = {isa = PBXFileReference; lastKnownFileType = audio.mp3; name = maruSound.mp3; path = "../../udemy/Resources/iOS14画像集/QuestionApp1素材/maruSound.mp3"; sourceTree = "<group>"; };
		FA64BC3A25E32EA5006620F8 /* sound.mp3 */ = {isa = PBXFileReference; lastKnownFileType = audio.mp3; name = sound.mp3; path = "../../udemy/Resources/iOS14画像集/QuestionApp1素材/sound.mp3"; sourceTree = "<group>"; };
		FA64BC4225E330E6006620F8 /* NextViewController.swift */ = {isa = PBXFileReference; lastKnownFileType = sourcecode.swift; path = NextViewController.swift; sourceTree = "<group>"; };
		FA95196A25E3377600B1919F /* ImagesModel.swift */ = {isa = PBXFileReference; lastKnownFileType = sourcecode.swift; path = ImagesModel.swift; sourceTree = "<group>"; };
		FA95196D25E33F0400B1919F /* ImageList.swift */ = {isa = PBXFileReference; lastKnownFileType = sourcecode.swift; path = ImageList.swift; sourceTree = "<group>"; };
/* End PBXFileReference section */

/* Begin PBXFrameworksBuildPhase section */
		FA64BC1A25E32C49006620F8 /* Frameworks */ = {
			isa = PBXFrameworksBuildPhase;
			buildActionMask = 2147483647;
			files = (
			);
			runOnlyForDeploymentPostprocessing = 0;
		};
/* End PBXFrameworksBuildPhase section */

/* Begin PBXGroup section */
		FA64BC1425E32C49006620F8 = {
			isa = PBXGroup;
			children = (
				FA64BC1F25E32C49006620F8 /* Swift-MVC */,
				FA64BC1E25E32C49006620F8 /* Products */,
			);
			sourceTree = "<group>";
		};
		FA64BC1E25E32C49006620F8 /* Products */ = {
			isa = PBXGroup;
			children = (
				FA64BC1D25E32C49006620F8 /* Swift-MVC.app */,
			);
			name = Products;
			sourceTree = "<group>";
		};
		FA64BC1F25E32C49006620F8 /* Swift-MVC */ = {
			isa = PBXGroup;
			children = (
				FA64BC3E25E32F5E006620F8 /* Model */,
				FA64BC3F25E32F79006620F8 /* View */,
				FA64BC4025E32F8A006620F8 /* Controller */,
				FA64BC2B25E32C4A006620F8 /* LaunchScreen.storyboard */,
				FA64BC3625E32E8D006620F8 /* batsuSound.mp3 */,
				FA64BC3925E32EA5006620F8 /* maruSound.mp3 */,
				FA64BC3A25E32EA5006620F8 /* sound.mp3 */,
				FA64BC2E25E32C4A006620F8 /* Info.plist */,
			);
			path = "Swift-MVC";
			sourceTree = "<group>";
		};
		FA64BC3E25E32F5E006620F8 /* Model */ = {
			isa = PBXGroup;
			children = (
				FA95196A25E3377600B1919F /* ImagesModel.swift */,
				FA95196D25E33F0400B1919F /* ImageList.swift */,
				FA03763825E52800009C2411 /* SoundFile.swift */,
				FA03763B25E52D0F009C2411 /* WithOutMP3.swift */,
				FA03763F25E5C566009C2411 /* ChangeColor.swift */,
			);
			path = Model;
			sourceTree = "<group>";
		};
		FA64BC3F25E32F79006620F8 /* View */ = {
			isa = PBXGroup;
			children = (
				FA64BC2625E32C49006620F8 /* Main.storyboard */,
				FA64BC2925E32C4A006620F8 /* Assets.xcassets */,
			);
			path = View;
			sourceTree = "<group>";
		};
		FA64BC4025E32F8A006620F8 /* Controller */ = {
			isa = PBXGroup;
			children = (
				FA64BC2025E32C49006620F8 /* AppDelegate.swift */,
				FA64BC2225E32C49006620F8 /* SceneDelegate.swift */,
				FA64BC2425E32C49006620F8 /* ViewController.swift */,
				FA64BC4225E330E6006620F8 /* NextViewController.swift */,
			);
			path = Controller;
			sourceTree = "<group>";
		};
/* End PBXGroup section */

/* Begin PBXNativeTarget section */
		FA64BC1C25E32C49006620F8 /* Swift-MVC */ = {
			isa = PBXNativeTarget;
			buildConfigurationList = FA64BC3125E32C4A006620F8 /* Build configuration list for PBXNativeTarget "Swift-MVC" */;
			buildPhases = (
				FA64BC1925E32C49006620F8 /* Sources */,
				FA64BC1A25E32C49006620F8 /* Frameworks */,
				FA64BC1B25E32C49006620F8 /* Resources */,
			);
			buildRules = (
			);
			dependencies = (
			);
			name = "Swift-MVC";
			productName = "Swift-MVC";
			productReference = FA64BC1D25E32C49006620F8 /* Swift-MVC.app */;
			productType = "com.apple.product-type.application";
		};
/* End PBXNativeTarget section */

/* Begin PBXProject section */
		FA64BC1525E32C49006620F8 /* Project object */ = {
			isa = PBXProject;
			attributes = {
				LastSwiftUpdateCheck = 1240;
				LastUpgradeCheck = 1240;
				TargetAttributes = {
					FA64BC1C25E32C49006620F8 = {
						CreatedOnToolsVersion = 12.4;
					};
				};
			};
			buildConfigurationList = FA64BC1825E32C49006620F8 /* Build configuration list for PBXProject "Swift-MVC" */;
			compatibilityVersion = "Xcode 9.3";
			developmentRegion = en;
			hasScannedForEncodings = 0;
			knownRegions = (
				en,
				Base,
			);
			mainGroup = FA64BC1425E32C49006620F8;
			productRefGroup = FA64BC1E25E32C49006620F8 /* Products */;
			projectDirPath = "";
			projectRoot = "";
			targets = (
				FA64BC1C25E32C49006620F8 /* Swift-MVC */,
			);
		};
/* End PBXProject section */

/* Begin PBXResourcesBuildPhase section */
		FA64BC1B25E32C49006620F8 /* Resources */ = {
			isa = PBXResourcesBuildPhase;
			buildActionMask = 2147483647;
			files = (
				FA64BC3725E32E8D006620F8 /* batsuSound.mp3 in Resources */,
				FA64BC3B25E32EA5006620F8 /* maruSound.mp3 in Resources */,
				FA64BC2D25E32C4A006620F8 /* LaunchScreen.storyboard in Resources */,
				FA64BC2A25E32C4A006620F8 /* Assets.xcassets in Resources */,
				FA64BC3C25E32EA5006620F8 /* sound.mp3 in Resources */,
				FA64BC2825E32C49006620F8 /* Main.storyboard in Resources */,
			);
			runOnlyForDeploymentPostprocessing = 0;
		};
/* End PBXResourcesBuildPhase section */

/* Begin PBXSourcesBuildPhase section */
		FA64BC1925E32C49006620F8 /* Sources */ = {
			isa = PBXSourcesBuildPhase;
			buildActionMask = 2147483647;
			files = (
				FA64BC2525E32C49006620F8 /* ViewController.swift in Sources */,
				FA03763925E52800009C2411 /* SoundFile.swift in Sources */,
				FA64BC4325E330E6006620F8 /* NextViewController.swift in Sources */,
				FA03763C25E52D0F009C2411 /* WithOutMP3.swift in Sources */,
				FA64BC2125E32C49006620F8 /* AppDelegate.swift in Sources */,
				FA95196E25E33F0400B1919F /* ImageList.swift in Sources */,
				FA03764025E5C566009C2411 /* ChangeColor.swift in Sources */,
				FA64BC2325E32C49006620F8 /* SceneDelegate.swift in Sources */,
				FA95196B25E3377600B1919F /* ImagesModel.swift in Sources */,
			);
			runOnlyForDeploymentPostprocessing = 0;
		};
/* End PBXSourcesBuildPhase section */

/* Begin PBXVariantGroup section */
		FA64BC2625E32C49006620F8 /* Main.storyboard */ = {
			isa = PBXVariantGroup;
			children = (
				FA64BC2725E32C49006620F8 /* Base */,
			);
			name = Main.storyboard;
			sourceTree = "<group>";
		};
		FA64BC2B25E32C4A006620F8 /* LaunchScreen.storyboard */ = {
			isa = PBXVariantGroup;
			children = (
				FA64BC2C25E32C4A006620F8 /* Base */,
			);
			name = LaunchScreen.storyboard;
			sourceTree = "<group>";
		};
/* End PBXVariantGroup section */

/* Begin XCBuildConfiguration section */
		FA64BC2F25E32C4A006620F8 /* Debug */ = {
			isa = XCBuildConfiguration;
			buildSettings = {
				ALWAYS_SEARCH_USER_PATHS = NO;
				CLANG_ANALYZER_NONNULL = YES;
				CLANG_ANALYZER_NUMBER_OBJECT_CONVERSION = YES_AGGRESSIVE;
				CLANG_CXX_LANGUAGE_STANDARD = "gnu++14";
				CLANG_CXX_LIBRARY = "libc++";
				CLANG_ENABLE_MODULES = YES;
				CLANG_ENABLE_OBJC_ARC = YES;
				CLANG_ENABLE_OBJC_WEAK = YES;
				CLANG_WARN_BLOCK_CAPTURE_AUTORELEASING = YES;
				CLANG_WARN_BOOL_CONVERSION = YES;
				CLANG_WARN_COMMA = YES;
				CLANG_WARN_CONSTANT_CONVERSION = YES;
				CLANG_WARN_DEPRECATED_OBJC_IMPLEMENTATIONS = YES;
				CLANG_WARN_DIRECT_OBJC_ISA_USAGE = YES_ERROR;
				CLANG_WARN_DOCUMENTATION_COMMENTS = YES;
				CLANG_WARN_EMPTY_BODY = YES;
				CLANG_WARN_ENUM_CONVERSION = YES;
				CLANG_WARN_INFINITE_RECURSION = YES;
				CLANG_WARN_INT_CONVERSION = YES;
				CLANG_WARN_NON_LITERAL_NULL_CONVERSION = YES;
				CLANG_WARN_OBJC_IMPLICIT_RETAIN_SELF = YES;
				CLANG_WARN_OBJC_LITERAL_CONVERSION = YES;
				CLANG_WARN_OBJC_ROOT_CLASS = YES_ERROR;
				CLANG_WARN_QUOTED_INCLUDE_IN_FRAMEWORK_HEADER = YES;
				CLANG_WARN_RANGE_LOOP_ANALYSIS = YES;
				CLANG_WARN_STRICT_PROTOTYPES = YES;
				CLANG_WARN_SUSPICIOUS_MOVE = YES;
				CLANG_WARN_UNGUARDED_AVAILABILITY = YES_AGGRESSIVE;
				CLANG_WARN_UNREACHABLE_CODE = YES;
				CLANG_WARN__DUPLICATE_METHOD_MATCH = YES;
				COPY_PHASE_STRIP = NO;
				DEBUG_INFORMATION_FORMAT = dwarf;
				ENABLE_STRICT_OBJC_MSGSEND = YES;
				ENABLE_TESTABILITY = YES;
				GCC_C_LANGUAGE_STANDARD = gnu11;
				GCC_DYNAMIC_NO_PIC = NO;
				GCC_NO_COMMON_BLOCKS = YES;
				GCC_OPTIMIZATION_LEVEL = 0;
				GCC_PREPROCESSOR_DEFINITIONS = (
					"DEBUG=1",
					"$(inherited)",
				);
				GCC_WARN_64_TO_32_BIT_CONVERSION = YES;
				GCC_WARN_ABOUT_RETURN_TYPE = YES_ERROR;
				GCC_WARN_UNDECLARED_SELECTOR = YES;
				GCC_WARN_UNINITIALIZED_AUTOS = YES_AGGRESSIVE;
				GCC_WARN_UNUSED_FUNCTION = YES;
				GCC_WARN_UNUSED_VARIABLE = YES;
				IPHONEOS_DEPLOYMENT_TARGET = 14.4;
				MTL_ENABLE_DEBUG_INFO = INCLUDE_SOURCE;
				MTL_FAST_MATH = YES;
				ONLY_ACTIVE_ARCH = YES;
				SDKROOT = iphoneos;
				SWIFT_ACTIVE_COMPILATION_CONDITIONS = DEBUG;
				SWIFT_OPTIMIZATION_LEVEL = "-Onone";
			};
			name = Debug;
		};
		FA64BC3025E32C4A006620F8 /* Release */ = {
			isa = XCBuildConfiguration;
			buildSettings = {
				ALWAYS_SEARCH_USER_PATHS = NO;
				CLANG_ANALYZER_NONNULL = YES;
				CLANG_ANALYZER_NUMBER_OBJECT_CONVERSION = YES_AGGRESSIVE;
				CLANG_CXX_LANGUAGE_STANDARD = "gnu++14";
				CLANG_CXX_LIBRARY = "libc++";
				CLANG_ENABLE_MODULES = YES;
				CLANG_ENABLE_OBJC_ARC = YES;
				CLANG_ENABLE_OBJC_WEAK = YES;
				CLANG_WARN_BLOCK_CAPTURE_AUTORELEASING = YES;
				CLANG_WARN_BOOL_CONVERSION = YES;
				CLANG_WARN_COMMA = YES;
				CLANG_WARN_CONSTANT_CONVERSION = YES;
				CLANG_WARN_DEPRECATED_OBJC_IMPLEMENTATIONS = YES;
				CLANG_WARN_DIRECT_OBJC_ISA_USAGE = YES_ERROR;
				CLANG_WARN_DOCUMENTATION_COMMENTS = YES;
				CLANG_WARN_EMPTY_BODY = YES;
				CLANG_WARN_ENUM_CONVERSION = YES;
				CLANG_WARN_INFINITE_RECURSION = YES;
				CLANG_WARN_INT_CONVERSION = YES;
				CLANG_WARN_NON_LITERAL_NULL_CONVERSION = YES;
				CLANG_WARN_OBJC_IMPLICIT_RETAIN_SELF = YES;
				CLANG_WARN_OBJC_LITERAL_CONVERSION = YES;
				CLANG_WARN_OBJC_ROOT_CLASS = YES_ERROR;
				CLANG_WARN_QUOTED_INCLUDE_IN_FRAMEWORK_HEADER = YES;
				CLANG_WARN_RANGE_LOOP_ANALYSIS = YES;
				CLANG_WARN_STRICT_PROTOTYPES = YES;
				CLANG_WARN_SUSPICIOUS_MOVE = YES;
				CLANG_WARN_UNGUARDED_AVAILABILITY = YES_AGGRESSIVE;
				CLANG_WARN_UNREACHABLE_CODE = YES;
				CLANG_WARN__DUPLICATE_METHOD_MATCH = YES;
				COPY_PHASE_STRIP = NO;
				DEBUG_INFORMATION_FORMAT = "dwarf-with-dsym";
				ENABLE_NS_ASSERTIONS = NO;
				ENABLE_STRICT_OBJC_MSGSEND = YES;
				GCC_C_LANGUAGE_STANDARD = gnu11;
				GCC_NO_COMMON_BLOCKS = YES;
				GCC_WARN_64_TO_32_BIT_CONVERSION = YES;
				GCC_WARN_ABOUT_RETURN_TYPE = YES_ERROR;
				GCC_WARN_UNDECLARED_SELECTOR = YES;
				GCC_WARN_UNINITIALIZED_AUTOS = YES_AGGRESSIVE;
				GCC_WARN_UNUSED_FUNCTION = YES;
				GCC_WARN_UNUSED_VARIABLE = YES;
				IPHONEOS_DEPLOYMENT_TARGET = 14.4;
				MTL_ENABLE_DEBUG_INFO = NO;
				MTL_FAST_MATH = YES;
				SDKROOT = iphoneos;
				SWIFT_COMPILATION_MODE = wholemodule;
				SWIFT_OPTIMIZATION_LEVEL = "-O";
				VALIDATE_PRODUCT = YES;
			};
			name = Release;
		};
		FA64BC3225E32C4A006620F8 /* Debug */ = {
			isa = XCBuildConfiguration;
			buildSettings = {
				ASSETCATALOG_COMPILER_APPICON_NAME = AppIcon;
				ASSETCATALOG_COMPILER_GLOBAL_ACCENT_COLOR_NAME = AccentColor;
				CODE_SIGN_STYLE = Automatic;
				INFOPLIST_FILE = "Swift-MVC/Info.plist";
				LD_RUNPATH_SEARCH_PATHS = (
					"$(inherited)",
					"@executable_path/Frameworks",
				);
				PRODUCT_BUNDLE_IDENTIFIER = "com.kominato.Swift-MVC";
				PRODUCT_NAME = "$(TARGET_NAME)";
				SWIFT_VERSION = 5.0;
				TARGETED_DEVICE_FAMILY = 1;
			};
			name = Debug;
		};
		FA64BC3325E32C4A006620F8 /* Release */ = {
			isa = XCBuildConfiguration;
			buildSettings = {
				ASSETCATALOG_COMPILER_APPICON_NAME = AppIcon;
				ASSETCATALOG_COMPILER_GLOBAL_ACCENT_COLOR_NAME = AccentColor;
				CODE_SIGN_STYLE = Automatic;
				INFOPLIST_FILE = "Swift-MVC/Info.plist";
				LD_RUNPATH_SEARCH_PATHS = (
					"$(inherited)",
					"@executable_path/Frameworks",
				);
				PRODUCT_BUNDLE_IDENTIFIER = "com.kominato.Swift-MVC";
				PRODUCT_NAME = "$(TARGET_NAME)";
				SWIFT_VERSION = 5.0;
				TARGETED_DEVICE_FAMILY = 1;
			};
			name = Release;
		};
/* End XCBuildConfiguration section */

/* Begin XCConfigurationList section */
		FA64BC1825E32C49006620F8 /* Build configuration list for PBXProject "Swift-MVC" */ = {
			isa = XCConfigurationList;
			buildConfigurations = (
				FA64BC2F25E32C4A006620F8 /* Debug */,
				FA64BC3025E32C4A006620F8 /* Release */,
			);
			defaultConfigurationIsVisible = 0;
			defaultConfigurationName = Release;
		};
		FA64BC3125E32C4A006620F8 /* Build configuration list for PBXNativeTarget "Swift-MVC" */ = {
			isa = XCConfigurationList;
			buildConfigurations = (
				FA64BC3225E32C4A006620F8 /* Debug */,
				FA64BC3325E32C4A006620F8 /* Release */,
			);
			defaultConfigurationIsVisible = 0;
			defaultConfigurationName = Release;
		};
/* End XCConfigurationList section */
	};
	rootObject = FA64BC1525E32C49006620F8 /* Project object */;
}
